// !$*UTF8*$!
{
	archiveVersion = 1;
	classes = {
	};
	objectVersion = 52;
	objects = {

/* Begin PBXBuildFile section */
		8B01C08C268B4B5E00BAE0F8 /* AuthStatusViewModel.swift in Sources */ = {isa = PBXBuildFile; fileRef = 8B01C08B268B4B5E00BAE0F8 /* AuthStatusViewModel.swift */; };
		8B0AF6AD267D17CA00DA9630 /* LoginPresenter.swift in Sources */ = {isa = PBXBuildFile; fileRef = 8B0AF6AC267D17CA00DA9630 /* LoginPresenter.swift */; };
		8B0AF6AF267D17E000DA9630 /* LoginModule.swift in Sources */ = {isa = PBXBuildFile; fileRef = 8B0AF6AE267D17E000DA9630 /* LoginModule.swift */; };
		8B0AF6B3267D1C4D00DA9630 /* SignUpModule.swift in Sources */ = {isa = PBXBuildFile; fileRef = 8B0AF6B2267D1C4D00DA9630 /* SignUpModule.swift */; };
		8B0AF6B5267D1CBA00DA9630 /* SignUpPresenter.swift in Sources */ = {isa = PBXBuildFile; fileRef = 8B0AF6B4267D1CBA00DA9630 /* SignUpPresenter.swift */; };
		8B14D973268CA46800A695E4 /* AuthDB.swift in Sources */ = {isa = PBXBuildFile; fileRef = 8B14D972268CA46800A695E4 /* AuthDB.swift */; };
		8B14D975268CB01400A695E4 /* DatabaseDependencies.swift in Sources */ = {isa = PBXBuildFile; fileRef = 8B14D974268CB01400A695E4 /* DatabaseDependencies.swift */; };
		8B14D977268CB71500A695E4 /* User.swift in Sources */ = {isa = PBXBuildFile; fileRef = 8B14D976268CB71500A695E4 /* User.swift */; };
		8B1FBF48268CD4E000A61F93 /* HomeModule.swift in Sources */ = {isa = PBXBuildFile; fileRef = 8B1FBF47268CD4E000A61F93 /* HomeModule.swift */; };
		8B1FBF4A268CD7AD00A61F93 /* HomeViewController.swift in Sources */ = {isa = PBXBuildFile; fileRef = 8B1FBF49268CD7AD00A61F93 /* HomeViewController.swift */; };
		8B1FBF4C268CD7F200A61F93 /* HomePresenter.swift in Sources */ = {isa = PBXBuildFile; fileRef = 8B1FBF4B268CD7F200A61F93 /* HomePresenter.swift */; };
		8B1FBF4E268CD8BA00A61F93 /* HomeInteractor.swift in Sources */ = {isa = PBXBuildFile; fileRef = 8B1FBF4D268CD8BA00A61F93 /* HomeInteractor.swift */; };
		8B1FBF51268CE77500A61F93 /* UserModel.xcdatamodeld in Sources */ = {isa = PBXBuildFile; fileRef = 8B1FBF4F268CE77500A61F93 /* UserModel.xcdatamodeld */; };
		8B28485C267BE69F001A6680 /* LoginViewController.swift in Sources */ = {isa = PBXBuildFile; fileRef = 8B28485B267BE69F001A6680 /* LoginViewController.swift */; };
		8B28485F267BE785001A6680 /* SignUpViewController.swift in Sources */ = {isa = PBXBuildFile; fileRef = 8B28485E267BE785001A6680 /* SignUpViewController.swift */; };
		8B28486D267BF1D4001A6680 /* View.swift in Sources */ = {isa = PBXBuildFile; fileRef = 8B28486C267BF1D4001A6680 /* View.swift */; };
		8B284871267BF22D001A6680 /* Interactor.swift in Sources */ = {isa = PBXBuildFile; fileRef = 8B284870267BF22D001A6680 /* Interactor.swift */; };
		8B284873267BF25E001A6680 /* Presenter.swift in Sources */ = {isa = PBXBuildFile; fileRef = 8B284872267BF25E001A6680 /* Presenter.swift */; };
		8B284876267BF4E1001A6680 /* Modules.swift in Sources */ = {isa = PBXBuildFile; fileRef = 8B284875267BF4E1001A6680 /* Modules.swift */; };
		8B284878267BF527001A6680 /* ModulesFactory.swift in Sources */ = {isa = PBXBuildFile; fileRef = 8B284877267BF527001A6680 /* ModulesFactory.swift */; };
		8B28487B267BF71A001A6680 /* Coordinator.swift in Sources */ = {isa = PBXBuildFile; fileRef = 8B28487A267BF71A001A6680 /* Coordinator.swift */; };
		8B28487D267BF772001A6680 /* MainCoordinator.swift in Sources */ = {isa = PBXBuildFile; fileRef = 8B28487C267BF772001A6680 /* MainCoordinator.swift */; };
		8B28487F267BF84D001A6680 /* AccountCoordinator.swift in Sources */ = {isa = PBXBuildFile; fileRef = 8B28487E267BF84D001A6680 /* AccountCoordinator.swift */; };
		8B284882267BFAAF001A6680 /* HomeSubscription.swift in Sources */ = {isa = PBXBuildFile; fileRef = 8B284881267BFAAF001A6680 /* HomeSubscription.swift */; };
		8B284884267BFAFF001A6680 /* LoginSubscription.swift in Sources */ = {isa = PBXBuildFile; fileRef = 8B284883267BFAFF001A6680 /* LoginSubscription.swift */; };
		8B28488E267C0143001A6680 /* SignUpSubscription.swift in Sources */ = {isa = PBXBuildFile; fileRef = 8B28488D267C0143001A6680 /* SignUpSubscription.swift */; };
		8B284896267CF5FE001A6680 /* HomeCoordinator.swift in Sources */ = {isa = PBXBuildFile; fileRef = 8B284895267CF5FE001A6680 /* HomeCoordinator.swift */; };
		8B55C0002680FAFB00545D01 /* SignUpInteractor.swift in Sources */ = {isa = PBXBuildFile; fileRef = 8B55BFFF2680FAFB00545D01 /* SignUpInteractor.swift */; };
		8B55C0032680FC8F00545D01 /* LoginInteractor.swift in Sources */ = {isa = PBXBuildFile; fileRef = 8B55C0022680FC8F00545D01 /* LoginInteractor.swift */; };
		8B55C0062680FEA100545D01 /* AuthService.swift in Sources */ = {isa = PBXBuildFile; fileRef = 8B55C0052680FEA100545D01 /* AuthService.swift */; };
		8B55C0082680FED500545D01 /* AuthAPI.swift in Sources */ = {isa = PBXBuildFile; fileRef = 8B55C0072680FED500545D01 /* AuthAPI.swift */; };
		8B55C00B2681000F00545D01 /* Alamofire in Frameworks */ = {isa = PBXBuildFile; productRef = 8B55C00A2681000F00545D01 /* Alamofire */; };
		8B55C00D2681003B00545D01 /* AuthHttpService.swift in Sources */ = {isa = PBXBuildFile; fileRef = 8B55C00C2681003B00545D01 /* AuthHttpService.swift */; };
		8B55C00F268100A600545D01 /* AuthHttpRouter.swift in Sources */ = {isa = PBXBuildFile; fileRef = 8B55C00E268100A600545D01 /* AuthHttpRouter.swift */; };
		8B55C011268100EF00545D01 /* HttpRouter.swift in Sources */ = {isa = PBXBuildFile; fileRef = 8B55C010268100EF00545D01 /* HttpRouter.swift */; };
		8B55C013268102CC00545D01 /* HttpService.swift in Sources */ = {isa = PBXBuildFile; fileRef = 8B55C012268102CC00545D01 /* HttpService.swift */; };
		8B6002662680F5020003EF6B /* AccountFieldControl.swift in Sources */ = {isa = PBXBuildFile; fileRef = 8B6002652680F5020003EF6B /* AccountFieldControl.swift */; };
		8B6002692680F5320003EF6B /* FieldValidatable.swift in Sources */ = {isa = PBXBuildFile; fileRef = 8B6002682680F5320003EF6B /* FieldValidatable.swift */; };
		8B60026C2680F5640003EF6B /* Rule.swift in Sources */ = {isa = PBXBuildFile; fileRef = 8B60026B2680F5640003EF6B /* Rule.swift */; };
		8B60026E2680F5900003EF6B /* RequiredRule.swift in Sources */ = {isa = PBXBuildFile; fileRef = 8B60026D2680F5900003EF6B /* RequiredRule.swift */; };
		8B6002702680F5B30003EF6B /* MinimumLengthRule.swift in Sources */ = {isa = PBXBuildFile; fileRef = 8B60026F2680F5B30003EF6B /* MinimumLengthRule.swift */; };
		8B6002722680F5CE0003EF6B /* EmailRule.swift in Sources */ = {isa = PBXBuildFile; fileRef = 8B6002712680F5CE0003EF6B /* EmailRule.swift */; };
		8B6002742680F5F00003EF6B /* PasswordRule.swift in Sources */ = {isa = PBXBuildFile; fileRef = 8B6002732680F5F00003EF6B /* PasswordRule.swift */; };
		8B8DB5D6268CA13100501752 /* UserDatabase.swift in Sources */ = {isa = PBXBuildFile; fileRef = 8B8DB5D5268CA13100501752 /* UserDatabase.swift */; };
		8B8DB5D8268CA28200501752 /* UserToken.swift in Sources */ = {isa = PBXBuildFile; fileRef = 8B8DB5D7268CA28200501752 /* UserToken.swift */; };
		8B9135D72683AF7200C772D5 /* AuthModel.swift in Sources */ = {isa = PBXBuildFile; fileRef = 8B9135D62683AF7200C772D5 /* AuthModel.swift */; };
		8B9135DC2684C46500C772D5 /* DependencyContainer.swift in Sources */ = {isa = PBXBuildFile; fileRef = 8B9135DB2684C46500C772D5 /* DependencyContainer.swift */; };
		8B9135DE2684C49200C772D5 /* HttpServiceDependencies.swift in Sources */ = {isa = PBXBuildFile; fileRef = 8B9135DD2684C49200C772D5 /* HttpServiceDependencies.swift */; };
		8BBAAF792695D259009716F8 /* AuthError.swift in Sources */ = {isa = PBXBuildFile; fileRef = 8BBAAF782695D259009716F8 /* AuthError.swift */; };
		8BBAAF7B2697226A009716F8 /* TokenResponse.swift in Sources */ = {isa = PBXBuildFile; fileRef = 8BBAAF7A2697226A009716F8 /* TokenResponse.swift */; };
		8BBD7D16267A4A2F007EF91B /* AppDelegate.swift in Sources */ = {isa = PBXBuildFile; fileRef = 8BBD7D15267A4A2F007EF91B /* AppDelegate.swift */; };
		8BBD7D18267A4A2F007EF91B /* SceneDelegate.swift in Sources */ = {isa = PBXBuildFile; fileRef = 8BBD7D17267A4A2F007EF91B /* SceneDelegate.swift */; };
		8BBD7D1F267A4A30007EF91B /* Assets.xcassets in Resources */ = {isa = PBXBuildFile; fileRef = 8BBD7D1E267A4A30007EF91B /* Assets.xcassets */; };
		8BBD7D22267A4A30007EF91B /* LaunchScreen.storyboard in Resources */ = {isa = PBXBuildFile; fileRef = 8BBD7D20267A4A30007EF91B /* LaunchScreen.storyboard */; };
/* End PBXBuildFile section */

/* Begin PBXFileReference section */
		8B01C08B268B4B5E00BAE0F8 /* AuthStatusViewModel.swift */ = {isa = PBXFileReference; lastKnownFileType = sourcecode.swift; path = AuthStatusViewModel.swift; sourceTree = "<group>"; };
		8B0AF6AC267D17CA00DA9630 /* LoginPresenter.swift */ = {isa = PBXFileReference; lastKnownFileType = sourcecode.swift; path = LoginPresenter.swift; sourceTree = "<group>"; };
		8B0AF6AE267D17E000DA9630 /* LoginModule.swift */ = {isa = PBXFileReference; lastKnownFileType = sourcecode.swift; path = LoginModule.swift; sourceTree = "<group>"; };
		8B0AF6B2267D1C4D00DA9630 /* SignUpModule.swift */ = {isa = PBXFileReference; lastKnownFileType = sourcecode.swift; path = SignUpModule.swift; sourceTree = "<group>"; };
		8B0AF6B4267D1CBA00DA9630 /* SignUpPresenter.swift */ = {isa = PBXFileReference; lastKnownFileType = sourcecode.swift; path = SignUpPresenter.swift; sourceTree = "<group>"; };
		8B14D972268CA46800A695E4 /* AuthDB.swift */ = {isa = PBXFileReference; lastKnownFileType = sourcecode.swift; path = AuthDB.swift; sourceTree = "<group>"; };
		8B14D974268CB01400A695E4 /* DatabaseDependencies.swift */ = {isa = PBXFileReference; lastKnownFileType = sourcecode.swift; path = DatabaseDependencies.swift; sourceTree = "<group>"; };
		8B14D976268CB71500A695E4 /* User.swift */ = {isa = PBXFileReference; lastKnownFileType = sourcecode.swift; path = User.swift; sourceTree = "<group>"; };
		8B1FBF47268CD4E000A61F93 /* HomeModule.swift */ = {isa = PBXFileReference; lastKnownFileType = sourcecode.swift; path = HomeModule.swift; sourceTree = "<group>"; };
		8B1FBF49268CD7AD00A61F93 /* HomeViewController.swift */ = {isa = PBXFileReference; lastKnownFileType = sourcecode.swift; path = HomeViewController.swift; sourceTree = "<group>"; };
		8B1FBF4B268CD7F200A61F93 /* HomePresenter.swift */ = {isa = PBXFileReference; lastKnownFileType = sourcecode.swift; path = HomePresenter.swift; sourceTree = "<group>"; };
		8B1FBF4D268CD8BA00A61F93 /* HomeInteractor.swift */ = {isa = PBXFileReference; lastKnownFileType = sourcecode.swift; path = HomeInteractor.swift; sourceTree = "<group>"; };
		8B1FBF50268CE77500A61F93 /* UserModel.xcdatamodel */ = {isa = PBXFileReference; lastKnownFileType = wrapper.xcdatamodel; path = UserModel.xcdatamodel; sourceTree = "<group>"; };
		8B28485B267BE69F001A6680 /* LoginViewController.swift */ = {isa = PBXFileReference; lastKnownFileType = sourcecode.swift; path = LoginViewController.swift; sourceTree = "<group>"; };
		8B28485E267BE785001A6680 /* SignUpViewController.swift */ = {isa = PBXFileReference; lastKnownFileType = sourcecode.swift; path = SignUpViewController.swift; sourceTree = "<group>"; };
		8B28486C267BF1D4001A6680 /* View.swift */ = {isa = PBXFileReference; lastKnownFileType = sourcecode.swift; path = View.swift; sourceTree = "<group>"; };
		8B284870267BF22D001A6680 /* Interactor.swift */ = {isa = PBXFileReference; lastKnownFileType = sourcecode.swift; path = Interactor.swift; sourceTree = "<group>"; };
		8B284872267BF25E001A6680 /* Presenter.swift */ = {isa = PBXFileReference; lastKnownFileType = sourcecode.swift; path = Presenter.swift; sourceTree = "<group>"; };
		8B284875267BF4E1001A6680 /* Modules.swift */ = {isa = PBXFileReference; lastKnownFileType = sourcecode.swift; path = Modules.swift; sourceTree = "<group>"; };
		8B284877267BF527001A6680 /* ModulesFactory.swift */ = {isa = PBXFileReference; lastKnownFileType = sourcecode.swift; path = ModulesFactory.swift; sourceTree = "<group>"; };
		8B28487A267BF71A001A6680 /* Coordinator.swift */ = {isa = PBXFileReference; lastKnownFileType = sourcecode.swift; path = Coordinator.swift; sourceTree = "<group>"; };
		8B28487C267BF772001A6680 /* MainCoordinator.swift */ = {isa = PBXFileReference; lastKnownFileType = sourcecode.swift; path = MainCoordinator.swift; sourceTree = "<group>"; };
		8B28487E267BF84D001A6680 /* AccountCoordinator.swift */ = {isa = PBXFileReference; lastKnownFileType = sourcecode.swift; path = AccountCoordinator.swift; sourceTree = "<group>"; };
		8B284881267BFAAF001A6680 /* HomeSubscription.swift */ = {isa = PBXFileReference; lastKnownFileType = sourcecode.swift; path = HomeSubscription.swift; sourceTree = "<group>"; };
		8B284883267BFAFF001A6680 /* LoginSubscription.swift */ = {isa = PBXFileReference; lastKnownFileType = sourcecode.swift; path = LoginSubscription.swift; sourceTree = "<group>"; };
		8B28488D267C0143001A6680 /* SignUpSubscription.swift */ = {isa = PBXFileReference; lastKnownFileType = sourcecode.swift; path = SignUpSubscription.swift; sourceTree = "<group>"; };
		8B284895267CF5FE001A6680 /* HomeCoordinator.swift */ = {isa = PBXFileReference; lastKnownFileType = sourcecode.swift; path = HomeCoordinator.swift; sourceTree = "<group>"; };
		8B55BFFF2680FAFB00545D01 /* SignUpInteractor.swift */ = {isa = PBXFileReference; lastKnownFileType = sourcecode.swift; path = SignUpInteractor.swift; sourceTree = "<group>"; };
		8B55C0022680FC8F00545D01 /* LoginInteractor.swift */ = {isa = PBXFileReference; lastKnownFileType = sourcecode.swift; path = LoginInteractor.swift; sourceTree = "<group>"; };
		8B55C0052680FEA100545D01 /* AuthService.swift */ = {isa = PBXFileReference; lastKnownFileType = sourcecode.swift; path = AuthService.swift; sourceTree = "<group>"; };
		8B55C0072680FED500545D01 /* AuthAPI.swift */ = {isa = PBXFileReference; lastKnownFileType = sourcecode.swift; path = AuthAPI.swift; sourceTree = "<group>"; };
		8B55C00C2681003B00545D01 /* AuthHttpService.swift */ = {isa = PBXFileReference; lastKnownFileType = sourcecode.swift; path = AuthHttpService.swift; sourceTree = "<group>"; };
		8B55C00E268100A600545D01 /* AuthHttpRouter.swift */ = {isa = PBXFileReference; lastKnownFileType = sourcecode.swift; path = AuthHttpRouter.swift; sourceTree = "<group>"; };
		8B55C010268100EF00545D01 /* HttpRouter.swift */ = {isa = PBXFileReference; lastKnownFileType = sourcecode.swift; path = HttpRouter.swift; sourceTree = "<group>"; };
		8B55C012268102CC00545D01 /* HttpService.swift */ = {isa = PBXFileReference; lastKnownFileType = sourcecode.swift; path = HttpService.swift; sourceTree = "<group>"; };
		8B6002652680F5020003EF6B /* AccountFieldControl.swift */ = {isa = PBXFileReference; lastKnownFileType = sourcecode.swift; path = AccountFieldControl.swift; sourceTree = "<group>"; };
		8B6002682680F5320003EF6B /* FieldValidatable.swift */ = {isa = PBXFileReference; lastKnownFileType = sourcecode.swift; path = FieldValidatable.swift; sourceTree = "<group>"; };
		8B60026B2680F5640003EF6B /* Rule.swift */ = {isa = PBXFileReference; lastKnownFileType = sourcecode.swift; path = Rule.swift; sourceTree = "<group>"; };
		8B60026D2680F5900003EF6B /* RequiredRule.swift */ = {isa = PBXFileReference; lastKnownFileType = sourcecode.swift; path = RequiredRule.swift; sourceTree = "<group>"; };
		8B60026F2680F5B30003EF6B /* MinimumLengthRule.swift */ = {isa = PBXFileReference; lastKnownFileType = sourcecode.swift; path = MinimumLengthRule.swift; sourceTree = "<group>"; };
		8B6002712680F5CE0003EF6B /* EmailRule.swift */ = {isa = PBXFileReference; lastKnownFileType = sourcecode.swift; path = EmailRule.swift; sourceTree = "<group>"; };
		8B6002732680F5F00003EF6B /* PasswordRule.swift */ = {isa = PBXFileReference; lastKnownFileType = sourcecode.swift; path = PasswordRule.swift; sourceTree = "<group>"; };
		8B8DB5D5268CA13100501752 /* UserDatabase.swift */ = {isa = PBXFileReference; lastKnownFileType = sourcecode.swift; path = UserDatabase.swift; sourceTree = "<group>"; };
		8B8DB5D7268CA28200501752 /* UserToken.swift */ = {isa = PBXFileReference; lastKnownFileType = sourcecode.swift; path = UserToken.swift; sourceTree = "<group>"; };
		8B9135D62683AF7200C772D5 /* AuthModel.swift */ = {isa = PBXFileReference; lastKnownFileType = sourcecode.swift; path = AuthModel.swift; sourceTree = "<group>"; };
		8B9135DB2684C46500C772D5 /* DependencyContainer.swift */ = {isa = PBXFileReference; lastKnownFileType = sourcecode.swift; path = DependencyContainer.swift; sourceTree = "<group>"; };
		8B9135DD2684C49200C772D5 /* HttpServiceDependencies.swift */ = {isa = PBXFileReference; lastKnownFileType = sourcecode.swift; path = HttpServiceDependencies.swift; sourceTree = "<group>"; };
		8BBAAF782695D259009716F8 /* AuthError.swift */ = {isa = PBXFileReference; lastKnownFileType = sourcecode.swift; path = AuthError.swift; sourceTree = "<group>"; };
		8BBAAF7A2697226A009716F8 /* TokenResponse.swift */ = {isa = PBXFileReference; lastKnownFileType = sourcecode.swift; path = TokenResponse.swift; sourceTree = "<group>"; };
		8BBD7D12267A4A2F007EF91B /* JWTAuthenticationClient.app */ = {isa = PBXFileReference; explicitFileType = wrapper.application; includeInIndex = 0; path = JWTAuthenticationClient.app; sourceTree = BUILT_PRODUCTS_DIR; };
		8BBD7D15267A4A2F007EF91B /* AppDelegate.swift */ = {isa = PBXFileReference; lastKnownFileType = sourcecode.swift; path = AppDelegate.swift; sourceTree = "<group>"; };
		8BBD7D17267A4A2F007EF91B /* SceneDelegate.swift */ = {isa = PBXFileReference; lastKnownFileType = sourcecode.swift; path = SceneDelegate.swift; sourceTree = "<group>"; };
		8BBD7D1E267A4A30007EF91B /* Assets.xcassets */ = {isa = PBXFileReference; lastKnownFileType = folder.assetcatalog; path = Assets.xcassets; sourceTree = "<group>"; };
		8BBD7D21267A4A30007EF91B /* Base */ = {isa = PBXFileReference; lastKnownFileType = file.storyboard; name = Base; path = Base.lproj/LaunchScreen.storyboard; sourceTree = "<group>"; };
		8BBD7D23267A4A30007EF91B /* Info.plist */ = {isa = PBXFileReference; lastKnownFileType = text.plist.xml; path = Info.plist; sourceTree = "<group>"; };
/* End PBXFileReference section */

/* Begin PBXFrameworksBuildPhase section */
		8BBD7D0F267A4A2F007EF91B /* Frameworks */ = {
			isa = PBXFrameworksBuildPhase;
			buildActionMask = 2147483647;
			files = (
				8B55C00B2681000F00545D01 /* Alamofire in Frameworks */,
			);
			runOnlyForDeploymentPostprocessing = 0;
		};
/* End PBXFrameworksBuildPhase section */

/* Begin PBXGroup section */
		8B0AF6AA267D17AC00DA9630 /* View */ = {
			isa = PBXGroup;
			children = (
				8B28485B267BE69F001A6680 /* LoginViewController.swift */,
			);
			path = View;
			sourceTree = "<group>";
		};
		8B0AF6AB267D17B700DA9630 /* Presenter */ = {
			isa = PBXGroup;
			children = (
				8B0AF6AC267D17CA00DA9630 /* LoginPresenter.swift */,
			);
			path = Presenter;
			sourceTree = "<group>";
		};
		8B0AF6B0267D1C3400DA9630 /* View */ = {
			isa = PBXGroup;
			children = (
				8B28485E267BE785001A6680 /* SignUpViewController.swift */,
			);
			path = View;
			sourceTree = "<group>";
		};
		8B0AF6B1267D1C3A00DA9630 /* Presenter */ = {
			isa = PBXGroup;
			children = (
				8B0AF6B4267D1CBA00DA9630 /* SignUpPresenter.swift */,
			);
			path = Presenter;
			sourceTree = "<group>";
		};
		8B1FBF43268CD4A300A61F93 /* Home */ = {
			isa = PBXGroup;
			children = (
				8B1FBF44268CD4BD00A61F93 /* View */,
				8B1FBF45268CD4C300A61F93 /* Presenter */,
				8B1FBF46268CD4CC00A61F93 /* Interactor */,
				8B1FBF47268CD4E000A61F93 /* HomeModule.swift */,
			);
			path = Home;
			sourceTree = "<group>";
		};
		8B1FBF44268CD4BD00A61F93 /* View */ = {
			isa = PBXGroup;
			children = (
				8B1FBF49268CD7AD00A61F93 /* HomeViewController.swift */,
			);
			path = View;
			sourceTree = "<group>";
		};
		8B1FBF45268CD4C300A61F93 /* Presenter */ = {
			isa = PBXGroup;
			children = (
				8B1FBF4B268CD7F200A61F93 /* HomePresenter.swift */,
			);
			path = Presenter;
			sourceTree = "<group>";
		};
		8B1FBF46268CD4CC00A61F93 /* Interactor */ = {
			isa = PBXGroup;
			children = (
				8B1FBF4D268CD8BA00A61F93 /* HomeInteractor.swift */,
			);
			path = Interactor;
			sourceTree = "<group>";
		};
		8B28485D267BE76C001A6680 /* Login */ = {
			isa = PBXGroup;
			children = (
				8B0AF6AA267D17AC00DA9630 /* View */,
				8B0AF6AB267D17B700DA9630 /* Presenter */,
				8B55C0012680FC7600545D01 /* Interactor */,
				8B0AF6AE267D17E000DA9630 /* LoginModule.swift */,
			);
			path = Login;
			sourceTree = "<group>";
		};
		8B284860267BE942001A6680 /* SignUp */ = {
			isa = PBXGroup;
			children = (
				8B0AF6B0267D1C3400DA9630 /* View */,
				8B0AF6B1267D1C3A00DA9630 /* Presenter */,
				8B55BFFE2680FAD800545D01 /* Interactor */,
				8B0AF6B2267D1C4D00DA9630 /* SignUpModule.swift */,
			);
			path = SignUp;
			sourceTree = "<group>";
		};
		8B28486A267BF172001A6680 /* Modules */ = {
			isa = PBXGroup;
			children = (
				8B28486B267BF1BE001A6680 /* BaseModule */,
				8B284874267BF4B7001A6680 /* ModulesFactory */,
				8B284860267BE942001A6680 /* SignUp */,
				8B28485D267BE76C001A6680 /* Login */,
				8B1FBF43268CD4A300A61F93 /* Home */,
			);
			path = Modules;
			sourceTree = "<group>";
		};
		8B28486B267BF1BE001A6680 /* BaseModule */ = {
			isa = PBXGroup;
			children = (
				8B28486C267BF1D4001A6680 /* View.swift */,
				8B284870267BF22D001A6680 /* Interactor.swift */,
				8B284872267BF25E001A6680 /* Presenter.swift */,
			);
			path = BaseModule;
			sourceTree = "<group>";
		};
		8B284874267BF4B7001A6680 /* ModulesFactory */ = {
			isa = PBXGroup;
			children = (
				8B284875267BF4E1001A6680 /* Modules.swift */,
				8B284877267BF527001A6680 /* ModulesFactory.swift */,
			);
			path = ModulesFactory;
			sourceTree = "<group>";
		};
		8B284879267BF646001A6680 /* Coordinators */ = {
			isa = PBXGroup;
			children = (
				8B28487A267BF71A001A6680 /* Coordinator.swift */,
				8B28487C267BF772001A6680 /* MainCoordinator.swift */,
				8B28487E267BF84D001A6680 /* AccountCoordinator.swift */,
				8B284895267CF5FE001A6680 /* HomeCoordinator.swift */,
				8B284880267BFA6D001A6680 /* Subscriptions */,
			);
			path = Coordinators;
			sourceTree = "<group>";
		};
		8B284880267BFA6D001A6680 /* Subscriptions */ = {
			isa = PBXGroup;
			children = (
				8B284881267BFAAF001A6680 /* HomeSubscription.swift */,
				8B284883267BFAFF001A6680 /* LoginSubscription.swift */,
				8B28488D267C0143001A6680 /* SignUpSubscription.swift */,
			);
			path = Subscriptions;
			sourceTree = "<group>";
		};
		8B55BFFE2680FAD800545D01 /* Interactor */ = {
			isa = PBXGroup;
			children = (
				8B55BFFF2680FAFB00545D01 /* SignUpInteractor.swift */,
			);
			path = Interactor;
			sourceTree = "<group>";
		};
		8B55C0012680FC7600545D01 /* Interactor */ = {
			isa = PBXGroup;
			children = (
				8B55C0022680FC8F00545D01 /* LoginInteractor.swift */,
			);
			path = Interactor;
			sourceTree = "<group>";
		};
		8B55C0042680FE8700545D01 /* HttpService */ = {
			isa = PBXGroup;
			children = (
				8B55C0052680FEA100545D01 /* AuthService.swift */,
				8B55C0072680FED500545D01 /* AuthAPI.swift */,
				8B55C010268100EF00545D01 /* HttpRouter.swift */,
				8B55C012268102CC00545D01 /* HttpService.swift */,
			);
			path = HttpService;
			sourceTree = "<group>";
		};
		8B55C0142681F75800545D01 /* Service */ = {
			isa = PBXGroup;
			children = (
				8B55C00E268100A600545D01 /* AuthHttpRouter.swift */,
				8B55C00C2681003B00545D01 /* AuthHttpService.swift */,
			);
			path = Service;
			sourceTree = "<group>";
		};
		8B6002642680F4EC0003EF6B /* AccountFieldControl */ = {
			isa = PBXGroup;
			children = (
				8B6002672680F51B0003EF6B /* FieldValidator */,
				8B6002652680F5020003EF6B /* AccountFieldControl.swift */,
			);
			path = AccountFieldControl;
			sourceTree = "<group>";
		};
		8B6002672680F51B0003EF6B /* FieldValidator */ = {
			isa = PBXGroup;
			children = (
				8B60026A2680F54B0003EF6B /* Rules */,
				8B6002682680F5320003EF6B /* FieldValidatable.swift */,
			);
			path = FieldValidator;
			sourceTree = "<group>";
		};
		8B60026A2680F54B0003EF6B /* Rules */ = {
			isa = PBXGroup;
			children = (
				8B60026B2680F5640003EF6B /* Rule.swift */,
				8B60026D2680F5900003EF6B /* RequiredRule.swift */,
				8B60026F2680F5B30003EF6B /* MinimumLengthRule.swift */,
				8B6002712680F5CE0003EF6B /* EmailRule.swift */,
				8B6002732680F5F00003EF6B /* PasswordRule.swift */,
			);
			path = Rules;
			sourceTree = "<group>";
		};
		8B8DB5D1268C9FB000501752 /* Database */ = {
			isa = PBXGroup;
			children = (
				8B8DB5D5268CA13100501752 /* UserDatabase.swift */,
				8B14D972268CA46800A695E4 /* AuthDB.swift */,
				8B1FBF4F268CE77500A61F93 /* UserModel.xcdatamodeld */,
			);
			path = Database;
			sourceTree = "<group>";
		};
		8B9135D52683AF5500C772D5 /* Model */ = {
			isa = PBXGroup;
			children = (
				8B9135D62683AF7200C772D5 /* AuthModel.swift */,
				8BBAAF782695D259009716F8 /* AuthError.swift */,
				8B01C08B268B4B5E00BAE0F8 /* AuthStatusViewModel.swift */,
				8B8DB5D7268CA28200501752 /* UserToken.swift */,
				8B14D976268CB71500A695E4 /* User.swift */,
				8BBAAF7A2697226A009716F8 /* TokenResponse.swift */,
			);
			path = Model;
			sourceTree = "<group>";
		};
		8B9135DA2684C41F00C772D5 /* DependencyContainer */ = {
			isa = PBXGroup;
			children = (
				8B9135DB2684C46500C772D5 /* DependencyContainer.swift */,
				8B9135DD2684C49200C772D5 /* HttpServiceDependencies.swift */,
				8B14D974268CB01400A695E4 /* DatabaseDependencies.swift */,
			);
			path = DependencyContainer;
			sourceTree = "<group>";
		};
		8BBD7D09267A4A2F007EF91B = {
			isa = PBXGroup;
			children = (
				8BBD7D14267A4A2F007EF91B /* JWTAuthenticationClient */,
				8BBD7D13267A4A2F007EF91B /* Products */,
			);
			sourceTree = "<group>";
		};
		8BBD7D13267A4A2F007EF91B /* Products */ = {
			isa = PBXGroup;
			children = (
				8BBD7D12267A4A2F007EF91B /* JWTAuthenticationClient.app */,
			);
			name = Products;
			sourceTree = "<group>";
		};
		8BBD7D14267A4A2F007EF91B /* JWTAuthenticationClient */ = {
			isa = PBXGroup;
			children = (
				8BBD7D29267A4B3D007EF91B /* Application */,
				8B9135DA2684C41F00C772D5 /* DependencyContainer */,
				8B284879267BF646001A6680 /* Coordinators */,
				8B8DB5D1268C9FB000501752 /* Database */,
				8B55C0142681F75800545D01 /* Service */,
				8B55C0042680FE8700545D01 /* HttpService */,
				8B28486A267BF172001A6680 /* Modules */,
				8B9135D52683AF5500C772D5 /* Model */,
				8B6002642680F4EC0003EF6B /* AccountFieldControl */,
			);
			path = JWTAuthenticationClient;
			sourceTree = "<group>";
		};
		8BBD7D29267A4B3D007EF91B /* Application */ = {
			isa = PBXGroup;
			children = (
				8BBD7D15267A4A2F007EF91B /* AppDelegate.swift */,
				8BBD7D17267A4A2F007EF91B /* SceneDelegate.swift */,
				8BBD7D1E267A4A30007EF91B /* Assets.xcassets */,
				8BBD7D20267A4A30007EF91B /* LaunchScreen.storyboard */,
				8BBD7D23267A4A30007EF91B /* Info.plist */,
			);
			path = Application;
			sourceTree = "<group>";
		};
/* End PBXGroup section */

/* Begin PBXNativeTarget section */
		8BBD7D11267A4A2F007EF91B /* JWTAuthenticationClient */ = {
			isa = PBXNativeTarget;
			buildConfigurationList = 8BBD7D26267A4A30007EF91B /* Build configuration list for PBXNativeTarget "JWTAuthenticationClient" */;
			buildPhases = (
				8BBD7D0E267A4A2F007EF91B /* Sources */,
				8BBD7D0F267A4A2F007EF91B /* Frameworks */,
				8BBD7D10267A4A2F007EF91B /* Resources */,
				8BBD7D2E267A50EB007EF91B /* ShellScript */,
			);
			buildRules = (
			);
			dependencies = (
			);
			name = JWTAuthenticationClient;
			packageProductDependencies = (
				8B55C00A2681000F00545D01 /* Alamofire */,
			);
			productName = JWTAuthenticationClient;
			productReference = 8BBD7D12267A4A2F007EF91B /* JWTAuthenticationClient.app */;
			productType = "com.apple.product-type.application";
		};
/* End PBXNativeTarget section */

/* Begin PBXProject section */
		8BBD7D0A267A4A2F007EF91B /* Project object */ = {
			isa = PBXProject;
			attributes = {
				LastSwiftUpdateCheck = 1250;
				LastUpgradeCheck = 1250;
				TargetAttributes = {
					8BBD7D11267A4A2F007EF91B = {
						CreatedOnToolsVersion = 12.5;
					};
				};
			};
			buildConfigurationList = 8BBD7D0D267A4A2F007EF91B /* Build configuration list for PBXProject "JWTAuthenticationClient" */;
			compatibilityVersion = "Xcode 9.3";
			developmentRegion = en;
			hasScannedForEncodings = 0;
			knownRegions = (
				en,
				Base,
			);
			mainGroup = 8BBD7D09267A4A2F007EF91B;
			packageReferences = (
				8B55C0092681000F00545D01 /* XCRemoteSwiftPackageReference "Alamofire" */,
			);
			productRefGroup = 8BBD7D13267A4A2F007EF91B /* Products */;
			projectDirPath = "";
			projectRoot = "";
			targets = (
				8BBD7D11267A4A2F007EF91B /* JWTAuthenticationClient */,
			);
		};
/* End PBXProject section */

/* Begin PBXResourcesBuildPhase section */
		8BBD7D10267A4A2F007EF91B /* Resources */ = {
			isa = PBXResourcesBuildPhase;
			buildActionMask = 2147483647;
			files = (
				8BBD7D22267A4A30007EF91B /* LaunchScreen.storyboard in Resources */,
				8BBD7D1F267A4A30007EF91B /* Assets.xcassets in Resources */,
			);
			runOnlyForDeploymentPostprocessing = 0;
		};
/* End PBXResourcesBuildPhase section */

/* Begin PBXShellScriptBuildPhase section */
		8BBD7D2E267A50EB007EF91B /* ShellScript */ = {
			isa = PBXShellScriptBuildPhase;
			buildActionMask = 12;
			files = (
			);
			inputFileListPaths = (
			);
			inputPaths = (
			);
			outputFileListPaths = (
			);
			outputPaths = (
			);
			runOnlyForDeploymentPostprocessing = 0;
			shellPath = /bin/sh;
			shellScript = "if which swiftlint >/dev/null; then\n  swiftlint\nelse\n  echo \"warning: SwiftLint not installed, download from https://github.com/realm/SwiftLint\"\nfi\n\n";
		};
/* End PBXShellScriptBuildPhase section */

/* Begin PBXSourcesBuildPhase section */
		8BBD7D0E267A4A2F007EF91B /* Sources */ = {
			isa = PBXSourcesBuildPhase;
			buildActionMask = 2147483647;
			files = (
				8B284876267BF4E1001A6680 /* Modules.swift in Sources */,
				8B6002662680F5020003EF6B /* AccountFieldControl.swift in Sources */,
				8B284873267BF25E001A6680 /* Presenter.swift in Sources */,
				8B55C0062680FEA100545D01 /* AuthService.swift in Sources */,
				8B6002692680F5320003EF6B /* FieldValidatable.swift in Sources */,
				8B284896267CF5FE001A6680 /* HomeCoordinator.swift in Sources */,
				8B0AF6AF267D17E000DA9630 /* LoginModule.swift in Sources */,
				8B28487B267BF71A001A6680 /* Coordinator.swift in Sources */,
				8B0AF6B5267D1CBA00DA9630 /* SignUpPresenter.swift in Sources */,
				8B6002702680F5B30003EF6B /* MinimumLengthRule.swift in Sources */,
				8B14D973268CA46800A695E4 /* AuthDB.swift in Sources */,
				8B0AF6B3267D1C4D00DA9630 /* SignUpModule.swift in Sources */,
				8B55C011268100EF00545D01 /* HttpRouter.swift in Sources */,
				8B60026E2680F5900003EF6B /* RequiredRule.swift in Sources */,
				8B28486D267BF1D4001A6680 /* View.swift in Sources */,
				8B284884267BFAFF001A6680 /* LoginSubscription.swift in Sources */,
				8B01C08C268B4B5E00BAE0F8 /* AuthStatusViewModel.swift in Sources */,
				8B55C00F268100A600545D01 /* AuthHttpRouter.swift in Sources */,
				8B1FBF4A268CD7AD00A61F93 /* HomeViewController.swift in Sources */,
				8B28487D267BF772001A6680 /* MainCoordinator.swift in Sources */,
				8B284878267BF527001A6680 /* ModulesFactory.swift in Sources */,
				8B55C0002680FAFB00545D01 /* SignUpInteractor.swift in Sources */,
				8B28488E267C0143001A6680 /* SignUpSubscription.swift in Sources */,
				8B9135DE2684C49200C772D5 /* HttpServiceDependencies.swift in Sources */,
				8B9135D72683AF7200C772D5 /* AuthModel.swift in Sources */,
				8B60026C2680F5640003EF6B /* Rule.swift in Sources */,
				8B14D977268CB71500A695E4 /* User.swift in Sources */,
				8B1FBF4C268CD7F200A61F93 /* HomePresenter.swift in Sources */,
				8B8DB5D8268CA28200501752 /* UserToken.swift in Sources */,
				8B1FBF51268CE77500A61F93 /* UserModel.xcdatamodeld in Sources */,
				8B55C0032680FC8F00545D01 /* LoginInteractor.swift in Sources */,
				8B28487F267BF84D001A6680 /* AccountCoordinator.swift in Sources */,
				8B1FBF4E268CD8BA00A61F93 /* HomeInteractor.swift in Sources */,
				8B1FBF48268CD4E000A61F93 /* HomeModule.swift in Sources */,
				8B28485F267BE785001A6680 /* SignUpViewController.swift in Sources */,
				8BBD7D16267A4A2F007EF91B /* AppDelegate.swift in Sources */,
				8B284871267BF22D001A6680 /* Interactor.swift in Sources */,
				8B55C0082680FED500545D01 /* AuthAPI.swift in Sources */,
				8BBAAF792695D259009716F8 /* AuthError.swift in Sources */,
				8B6002742680F5F00003EF6B /* PasswordRule.swift in Sources */,
				8BBAAF7B2697226A009716F8 /* TokenResponse.swift in Sources */,
				8B14D975268CB01400A695E4 /* DatabaseDependencies.swift in Sources */,
				8B6002722680F5CE0003EF6B /* EmailRule.swift in Sources */,
				8B0AF6AD267D17CA00DA9630 /* LoginPresenter.swift in Sources */,
				8B8DB5D6268CA13100501752 /* UserDatabase.swift in Sources */,
				8B9135DC2684C46500C772D5 /* DependencyContainer.swift in Sources */,
				8BBD7D18267A4A2F007EF91B /* SceneDelegate.swift in Sources */,
				8B55C00D2681003B00545D01 /* AuthHttpService.swift in Sources */,
				8B55C013268102CC00545D01 /* HttpService.swift in Sources */,
				8B284882267BFAAF001A6680 /* HomeSubscription.swift in Sources */,
				8B28485C267BE69F001A6680 /* LoginViewController.swift in Sources */,
			);
			runOnlyForDeploymentPostprocessing = 0;
		};
/* End PBXSourcesBuildPhase section */

/* Begin PBXVariantGroup section */
		8BBD7D20267A4A30007EF91B /* LaunchScreen.storyboard */ = {
			isa = PBXVariantGroup;
			children = (
				8BBD7D21267A4A30007EF91B /* Base */,
			);
			name = LaunchScreen.storyboard;
			sourceTree = "<group>";
		};
/* End PBXVariantGroup section */

/* Begin XCBuildConfiguration section */
		8BBD7D24267A4A30007EF91B /* Debug */ = {
			isa = XCBuildConfiguration;
			buildSettings = {
				ALWAYS_SEARCH_USER_PATHS = NO;
				CLANG_ANALYZER_NONNULL = YES;
				CLANG_ANALYZER_NUMBER_OBJECT_CONVERSION = YES_AGGRESSIVE;
				CLANG_CXX_LANGUAGE_STANDARD = "gnu++14";
				CLANG_CXX_LIBRARY = "libc++";
				CLANG_ENABLE_MODULES = YES;
				CLANG_ENABLE_OBJC_ARC = YES;
				CLANG_ENABLE_OBJC_WEAK = YES;
				CLANG_WARN_BLOCK_CAPTURE_AUTORELEASING = YES;
				CLANG_WARN_BOOL_CONVERSION = YES;
				CLANG_WARN_COMMA = YES;
				CLANG_WARN_CONSTANT_CONVERSION = YES;
				CLANG_WARN_DEPRECATED_OBJC_IMPLEMENTATIONS = YES;
				CLANG_WARN_DIRECT_OBJC_ISA_USAGE = YES_ERROR;
				CLANG_WARN_DOCUMENTATION_COMMENTS = YES;
				CLANG_WARN_EMPTY_BODY = YES;
				CLANG_WARN_ENUM_CONVERSION = YES;
				CLANG_WARN_INFINITE_RECURSION = YES;
				CLANG_WARN_INT_CONVERSION = YES;
				CLANG_WARN_NON_LITERAL_NULL_CONVERSION = YES;
				CLANG_WARN_OBJC_IMPLICIT_RETAIN_SELF = YES;
				CLANG_WARN_OBJC_LITERAL_CONVERSION = YES;
				CLANG_WARN_OBJC_ROOT_CLASS = YES_ERROR;
				CLANG_WARN_QUOTED_INCLUDE_IN_FRAMEWORK_HEADER = YES;
				CLANG_WARN_RANGE_LOOP_ANALYSIS = YES;
				CLANG_WARN_STRICT_PROTOTYPES = YES;
				CLANG_WARN_SUSPICIOUS_MOVE = YES;
				CLANG_WARN_UNGUARDED_AVAILABILITY = YES_AGGRESSIVE;
				CLANG_WARN_UNREACHABLE_CODE = YES;
				CLANG_WARN__DUPLICATE_METHOD_MATCH = YES;
				COPY_PHASE_STRIP = NO;
				DEBUG_INFORMATION_FORMAT = dwarf;
				ENABLE_STRICT_OBJC_MSGSEND = YES;
				ENABLE_TESTABILITY = YES;
				GCC_C_LANGUAGE_STANDARD = gnu11;
				GCC_DYNAMIC_NO_PIC = NO;
				GCC_NO_COMMON_BLOCKS = YES;
				GCC_OPTIMIZATION_LEVEL = 0;
				GCC_PREPROCESSOR_DEFINITIONS = (
					"DEBUG=1",
					"$(inherited)",
				);
				GCC_WARN_64_TO_32_BIT_CONVERSION = YES;
				GCC_WARN_ABOUT_RETURN_TYPE = YES_ERROR;
				GCC_WARN_UNDECLARED_SELECTOR = YES;
				GCC_WARN_UNINITIALIZED_AUTOS = YES_AGGRESSIVE;
				GCC_WARN_UNUSED_FUNCTION = YES;
				GCC_WARN_UNUSED_VARIABLE = YES;
				IPHONEOS_DEPLOYMENT_TARGET = 13.0;
				MTL_ENABLE_DEBUG_INFO = INCLUDE_SOURCE;
				MTL_FAST_MATH = YES;
				ONLY_ACTIVE_ARCH = YES;
				SDKROOT = iphoneos;
				SWIFT_ACTIVE_COMPILATION_CONDITIONS = DEBUG;
				SWIFT_OPTIMIZATION_LEVEL = "-Onone";
			};
			name = Debug;
		};
		8BBD7D25267A4A30007EF91B /* Release */ = {
			isa = XCBuildConfiguration;
			buildSettings = {
				ALWAYS_SEARCH_USER_PATHS = NO;
				CLANG_ANALYZER_NONNULL = YES;
				CLANG_ANALYZER_NUMBER_OBJECT_CONVERSION = YES_AGGRESSIVE;
				CLANG_CXX_LANGUAGE_STANDARD = "gnu++14";
				CLANG_CXX_LIBRARY = "libc++";
				CLANG_ENABLE_MODULES = YES;
				CLANG_ENABLE_OBJC_ARC = YES;
				CLANG_ENABLE_OBJC_WEAK = YES;
				CLANG_WARN_BLOCK_CAPTURE_AUTORELEASING = YES;
				CLANG_WARN_BOOL_CONVERSION = YES;
				CLANG_WARN_COMMA = YES;
				CLANG_WARN_CONSTANT_CONVERSION = YES;
				CLANG_WARN_DEPRECATED_OBJC_IMPLEMENTATIONS = YES;
				CLANG_WARN_DIRECT_OBJC_ISA_USAGE = YES_ERROR;
				CLANG_WARN_DOCUMENTATION_COMMENTS = YES;
				CLANG_WARN_EMPTY_BODY = YES;
				CLANG_WARN_ENUM_CONVERSION = YES;
				CLANG_WARN_INFINITE_RECURSION = YES;
				CLANG_WARN_INT_CONVERSION = YES;
				CLANG_WARN_NON_LITERAL_NULL_CONVERSION = YES;
				CLANG_WARN_OBJC_IMPLICIT_RETAIN_SELF = YES;
				CLANG_WARN_OBJC_LITERAL_CONVERSION = YES;
				CLANG_WARN_OBJC_ROOT_CLASS = YES_ERROR;
				CLANG_WARN_QUOTED_INCLUDE_IN_FRAMEWORK_HEADER = YES;
				CLANG_WARN_RANGE_LOOP_ANALYSIS = YES;
				CLANG_WARN_STRICT_PROTOTYPES = YES;
				CLANG_WARN_SUSPICIOUS_MOVE = YES;
				CLANG_WARN_UNGUARDED_AVAILABILITY = YES_AGGRESSIVE;
				CLANG_WARN_UNREACHABLE_CODE = YES;
				CLANG_WARN__DUPLICATE_METHOD_MATCH = YES;
				COPY_PHASE_STRIP = NO;
				DEBUG_INFORMATION_FORMAT = "dwarf-with-dsym";
				ENABLE_NS_ASSERTIONS = NO;
				ENABLE_STRICT_OBJC_MSGSEND = YES;
				GCC_C_LANGUAGE_STANDARD = gnu11;
				GCC_NO_COMMON_BLOCKS = YES;
				GCC_WARN_64_TO_32_BIT_CONVERSION = YES;
				GCC_WARN_ABOUT_RETURN_TYPE = YES_ERROR;
				GCC_WARN_UNDECLARED_SELECTOR = YES;
				GCC_WARN_UNINITIALIZED_AUTOS = YES_AGGRESSIVE;
				GCC_WARN_UNUSED_FUNCTION = YES;
				GCC_WARN_UNUSED_VARIABLE = YES;
				IPHONEOS_DEPLOYMENT_TARGET = 13.0;
				MTL_ENABLE_DEBUG_INFO = NO;
				MTL_FAST_MATH = YES;
				SDKROOT = iphoneos;
				SWIFT_COMPILATION_MODE = wholemodule;
				SWIFT_OPTIMIZATION_LEVEL = "-O";
				VALIDATE_PRODUCT = YES;
			};
			name = Release;
		};
		8BBD7D27267A4A30007EF91B /* Debug */ = {
			isa = XCBuildConfiguration;
			buildSettings = {
				ASSETCATALOG_COMPILER_APPICON_NAME = AppIcon;
				ASSETCATALOG_COMPILER_GLOBAL_ACCENT_COLOR_NAME = AccentColor;
				CODE_SIGN_STYLE = Automatic;
				DEVELOPMENT_TEAM = WQ6FU7ZZ8T;
				INFOPLIST_FILE = JWTAuthenticationClient/Application/Info.plist;
				IPHONEOS_DEPLOYMENT_TARGET = 13.0;
				LD_RUNPATH_SEARCH_PATHS = (
					"$(inherited)",
					"@executable_path/Frameworks",
				);
				PRODUCT_BUNDLE_IDENTIFIER = qq.JWTAuthenticationClient;
				PRODUCT_NAME = "$(TARGET_NAME)";
				SWIFT_VERSION = 5.0;
				TARGETED_DEVICE_FAMILY = 1;
			};
			name = Debug;
		};
		8BBD7D28267A4A30007EF91B /* Release */ = {
			isa = XCBuildConfiguration;
			buildSettings = {
				ASSETCATALOG_COMPILER_APPICON_NAME = AppIcon;
				ASSETCATALOG_COMPILER_GLOBAL_ACCENT_COLOR_NAME = AccentColor;
				CODE_SIGN_STYLE = Automatic;
				DEVELOPMENT_TEAM = WQ6FU7ZZ8T;
				INFOPLIST_FILE = JWTAuthenticationClient/Application/Info.plist;
				IPHONEOS_DEPLOYMENT_TARGET = 13.0;
				LD_RUNPATH_SEARCH_PATHS = (
					"$(inherited)",
					"@executable_path/Frameworks",
				);
				PRODUCT_BUNDLE_IDENTIFIER = qq.JWTAuthenticationClient;
				PRODUCT_NAME = "$(TARGET_NAME)";
				SWIFT_VERSION = 5.0;
				TARGETED_DEVICE_FAMILY = 1;
			};
			name = Release;
		};
/* End XCBuildConfiguration section */

/* Begin XCConfigurationList section */
		8BBD7D0D267A4A2F007EF91B /* Build configuration list for PBXProject "JWTAuthenticationClient" */ = {
			isa = XCConfigurationList;
			buildConfigurations = (
				8BBD7D24267A4A30007EF91B /* Debug */,
				8BBD7D25267A4A30007EF91B /* Release */,
			);
			defaultConfigurationIsVisible = 0;
			defaultConfigurationName = Release;
		};
		8BBD7D26267A4A30007EF91B /* Build configuration list for PBXNativeTarget "JWTAuthenticationClient" */ = {
			isa = XCConfigurationList;
			buildConfigurations = (
				8BBD7D27267A4A30007EF91B /* Debug */,
				8BBD7D28267A4A30007EF91B /* Release */,
			);
			defaultConfigurationIsVisible = 0;
			defaultConfigurationName = Release;
		};
/* End XCConfigurationList section */

/* Begin XCRemoteSwiftPackageReference section */
		8B55C0092681000F00545D01 /* XCRemoteSwiftPackageReference "Alamofire" */ = {
			isa = XCRemoteSwiftPackageReference;
			repositoryURL = "https://github.com/Alamofire/Alamofire.git";
			requirement = {
				kind = upToNextMajorVersion;
				minimumVersion = 5.4.0;
			};
		};
/* End XCRemoteSwiftPackageReference section */

/* Begin XCSwiftPackageProductDependency section */
		8B55C00A2681000F00545D01 /* Alamofire */ = {
			isa = XCSwiftPackageProductDependency;
			package = 8B55C0092681000F00545D01 /* XCRemoteSwiftPackageReference "Alamofire" */;
			productName = Alamofire;
		};
/* End XCSwiftPackageProductDependency section */

/* Begin XCVersionGroup section */
		8B1FBF4F268CE77500A61F93 /* UserModel.xcdatamodeld */ = {
			isa = XCVersionGroup;
			children = (
				8B1FBF50268CE77500A61F93 /* UserModel.xcdatamodel */,
			);
			currentVersion = 8B1FBF50268CE77500A61F93 /* UserModel.xcdatamodel */;
			path = UserModel.xcdatamodeld;
			sourceTree = "<group>";
			versionGroupType = wrapper.xcdatamodel;
		};
/* End XCVersionGroup section */
	};
	rootObject = 8BBD7D0A267A4A2F007EF91B /* Project object */;
}
